<?xml version="1.0" encoding="UTF-8" standalone="yes" ?>
<CodeBlocks_project_file>
	<FileVersion major="1" minor="6" />
	<Project>
		<Option title="SetProcess" />
		<Option pch_mode="2" />
		<Option compiler="gcc" />
		<Build>
			<Target title="Release">
				<Option platforms="Windows;" />
				<Option output="bin/Release/sp" prefix_auto="1" extension_auto="1" />
				<Option object_output="obj/Release/" />
				<Option type="1" />
				<Option compiler="gcc" />
			</Target>
		</Build>
		<Compiler>
			<Add option="-Wall" />
		</Compiler>
		<Linker>
			<Add library="Kernel32" />
			<Add library="ntdll" />
		</Linker>
		<Unit filename="HelpProcess.h" />
		<Unit filename="SetProcess.cpp" />
		<Unit filename="SetProcess.rc">
			<Option compilerVar="WINDRES" />
		</Unit>
		<Extensions />
	</Project>
</CodeBlocks_project_file>
